// !$*UTF8*$!
{
	archiveVersion = 1;
	classes = {
	};
	objectVersion = 50;
	objects = {

/* Begin PBXBuildFile section */
		5F140A6B7D8CA2922B87ECCD /* Pods_GenericSearchBar.framework in Frameworks */ = {isa = PBXBuildFile; fileRef = 37ED6AAF6EFA4805D30E7EE6 /* Pods_GenericSearchBar.framework */; };
		BB598BFA21CF915800D37510 /* AppDelegate.swift in Sources */ = {isa = PBXBuildFile; fileRef = BB598BF921CF915800D37510 /* AppDelegate.swift */; };
		BB598BFF21CF915800D37510 /* Main.storyboard in Resources */ = {isa = PBXBuildFile; fileRef = BB598BFD21CF915800D37510 /* Main.storyboard */; };
		BB598C0121CF915A00D37510 /* Assets.xcassets in Resources */ = {isa = PBXBuildFile; fileRef = BB598C0021CF915A00D37510 /* Assets.xcassets */; };
		BB598C0421CF915A00D37510 /* LaunchScreen.storyboard in Resources */ = {isa = PBXBuildFile; fileRef = BB598C0221CF915A00D37510 /* LaunchScreen.storyboard */; };
		BB7E694521CF928C00B14E8F /* SearchViewModel.swift in Sources */ = {isa = PBXBuildFile; fileRef = BB7E694421CF928C00B14E8F /* SearchViewModel.swift */; };
		BB7E694721CF954300B14E8F /* SearchViewController.swift in Sources */ = {isa = PBXBuildFile; fileRef = BB7E694621CF954300B14E8F /* SearchViewController.swift */; };
		BBAD7CAD21DA0D81006DC82A /* SportsViewController.swift in Sources */ = {isa = PBXBuildFile; fileRef = BBAD7CAC21DA0D81006DC82A /* SportsViewController.swift */; };
		BBAD7CAF21DA0D8B006DC82A /* SportsViewModel.swift in Sources */ = {isa = PBXBuildFile; fileRef = BBAD7CAE21DA0D8B006DC82A /* SportsViewModel.swift */; };
		BBAD7CB121DA0D93006DC82A /* Sport.swift in Sources */ = {isa = PBXBuildFile; fileRef = BBAD7CB021DA0D93006DC82A /* Sport.swift */; };
		BBAD7CB321DA12EE006DC82A /* SportCell.swift in Sources */ = {isa = PBXBuildFile; fileRef = BBAD7CB221DA12EE006DC82A /* SportCell.swift */; };
		BBAD7CB521DA1936006DC82A /* SportCell.xib in Resources */ = {isa = PBXBuildFile; fileRef = BBAD7CB421DA1936006DC82A /* SportCell.xib */; };
/* End PBXBuildFile section */

/* Begin PBXFileReference section */
		37ED6AAF6EFA4805D30E7EE6 /* Pods_GenericSearchBar.framework */ = {isa = PBXFileReference; explicitFileType = wrapper.framework; includeInIndex = 0; path = Pods_GenericSearchBar.framework; sourceTree = BUILT_PRODUCTS_DIR; };
		4A9388DAF9E121972E24A34A /* Pods-GenericSearchBar.debug.xcconfig */ = {isa = PBXFileReference; includeInIndex = 1; lastKnownFileType = text.xcconfig; name = "Pods-GenericSearchBar.debug.xcconfig"; path = "Pods/Target Support Files/Pods-GenericSearchBar/Pods-GenericSearchBar.debug.xcconfig"; sourceTree = "<group>"; };
		7DBCC1AF9F89E2B2CD0602EB /* Pods-GenericSearchBar.release.xcconfig */ = {isa = PBXFileReference; includeInIndex = 1; lastKnownFileType = text.xcconfig; name = "Pods-GenericSearchBar.release.xcconfig"; path = "Pods/Target Support Files/Pods-GenericSearchBar/Pods-GenericSearchBar.release.xcconfig"; sourceTree = "<group>"; };
		BB598BF621CF915800D37510 /* GenericSearchBar.app */ = {isa = PBXFileReference; explicitFileType = wrapper.application; includeInIndex = 0; path = GenericSearchBar.app; sourceTree = BUILT_PRODUCTS_DIR; };
		BB598BF921CF915800D37510 /* AppDelegate.swift */ = {isa = PBXFileReference; lastKnownFileType = sourcecode.swift; path = AppDelegate.swift; sourceTree = "<group>"; };
		BB598BFE21CF915800D37510 /* Base */ = {isa = PBXFileReference; lastKnownFileType = file.storyboard; name = Base; path = Base.lproj/Main.storyboard; sourceTree = "<group>"; };
		BB598C0021CF915A00D37510 /* Assets.xcassets */ = {isa = PBXFileReference; lastKnownFileType = folder.assetcatalog; path = Assets.xcassets; sourceTree = "<group>"; };
		BB598C0321CF915A00D37510 /* Base */ = {isa = PBXFileReference; lastKnownFileType = file.storyboard; name = Base; path = Base.lproj/LaunchScreen.storyboard; sourceTree = "<group>"; };
		BB598C0521CF915A00D37510 /* Info.plist */ = {isa = PBXFileReference; lastKnownFileType = text.plist.xml; path = Info.plist; sourceTree = "<group>"; };
		BB7E694421CF928C00B14E8F /* SearchViewModel.swift */ = {isa = PBXFileReference; lastKnownFileType = sourcecode.swift; path = SearchViewModel.swift; sourceTree = "<group>"; };
		BB7E694621CF954300B14E8F /* SearchViewController.swift */ = {isa = PBXFileReference; lastKnownFileType = sourcecode.swift; path = SearchViewController.swift; sourceTree = "<group>"; };
		BBAD7CAC21DA0D81006DC82A /* SportsViewController.swift */ = {isa = PBXFileReference; lastKnownFileType = sourcecode.swift; path = SportsViewController.swift; sourceTree = "<group>"; };
		BBAD7CAE21DA0D8B006DC82A /* SportsViewModel.swift */ = {isa = PBXFileReference; lastKnownFileType = sourcecode.swift; path = SportsViewModel.swift; sourceTree = "<group>"; };
		BBAD7CB021DA0D93006DC82A /* Sport.swift */ = {isa = PBXFileReference; lastKnownFileType = sourcecode.swift; path = Sport.swift; sourceTree = "<group>"; };
		BBAD7CB221DA12EE006DC82A /* SportCell.swift */ = {isa = PBXFileReference; lastKnownFileType = sourcecode.swift; path = SportCell.swift; sourceTree = "<group>"; };
		BBAD7CB421DA1936006DC82A /* SportCell.xib */ = {isa = PBXFileReference; lastKnownFileType = file.xib; path = SportCell.xib; sourceTree = "<group>"; };
/* End PBXFileReference section */

/* Begin PBXFrameworksBuildPhase section */
		BB598BF321CF915800D37510 /* Frameworks */ = {
			isa = PBXFrameworksBuildPhase;
			buildActionMask = 2147483647;
			files = (
				5F140A6B7D8CA2922B87ECCD /* Pods_GenericSearchBar.framework in Frameworks */,
			);
			runOnlyForDeploymentPostprocessing = 0;
		};
/* End PBXFrameworksBuildPhase section */

/* Begin PBXGroup section */
		48F662DCC890F528DE3080CC /* Frameworks */ = {
			isa = PBXGroup;
			children = (
				37ED6AAF6EFA4805D30E7EE6 /* Pods_GenericSearchBar.framework */,
			);
			name = Frameworks;
			sourceTree = "<group>";
		};
		B763AACC9642395FB27B1928 /* Pods */ = {
			isa = PBXGroup;
			children = (
				4A9388DAF9E121972E24A34A /* Pods-GenericSearchBar.debug.xcconfig */,
				7DBCC1AF9F89E2B2CD0602EB /* Pods-GenericSearchBar.release.xcconfig */,
			);
			name = Pods;
			sourceTree = "<group>";
		};
		BB598BED21CF915800D37510 = {
			isa = PBXGroup;
			children = (
				BB598BF821CF915800D37510 /* GenericSearchBar */,
				BB598BF721CF915800D37510 /* Products */,
				B763AACC9642395FB27B1928 /* Pods */,
				48F662DCC890F528DE3080CC /* Frameworks */,
			);
			sourceTree = "<group>";
		};
		BB598BF721CF915800D37510 /* Products */ = {
			isa = PBXGroup;
			children = (
				BB598BF621CF915800D37510 /* GenericSearchBar.app */,
			);
			name = Products;
			sourceTree = "<group>";
		};
		BB598BF821CF915800D37510 /* GenericSearchBar */ = {
			isa = PBXGroup;
			children = (
				BB598C0521CF915A00D37510 /* Info.plist */,
				BB598BF921CF915800D37510 /* AppDelegate.swift */,
				BB7E694621CF954300B14E8F /* SearchViewController.swift */,
				BB7E694421CF928C00B14E8F /* SearchViewModel.swift */,
				BBAD7CAB21DA0D6D006DC82A /* Demo */,
				BB598C0021CF915A00D37510 /* Assets.xcassets */,
				BB598C0221CF915A00D37510 /* LaunchScreen.storyboard */,
				BB598BFD21CF915800D37510 /* Main.storyboard */,
			);
			path = GenericSearchBar;
			sourceTree = "<group>";
		};
		BBAD7CAB21DA0D6D006DC82A /* Demo */ = {
			isa = PBXGroup;
			children = (
				BBAD7CB021DA0D93006DC82A /* Sport.swift */,
				BBAD7CB221DA12EE006DC82A /* SportCell.swift */,
				BBAD7CB421DA1936006DC82A /* SportCell.xib */,
				BBAD7CAC21DA0D81006DC82A /* SportsViewController.swift */,
				BBAD7CAE21DA0D8B006DC82A /* SportsViewModel.swift */,
			);
			path = Demo;
			sourceTree = "<group>";
		};
/* End PBXGroup section */

/* Begin PBXNativeTarget section */
		BB598BF521CF915800D37510 /* GenericSearchBar */ = {
			isa = PBXNativeTarget;
			buildConfigurationList = BB598C0821CF915A00D37510 /* Build configuration list for PBXNativeTarget "GenericSearchBar" */;
			buildPhases = (
				1E4BECDB9D48F2235D5C5A2B /* [CP] Check Pods Manifest.lock */,
				BB598BF221CF915800D37510 /* Sources */,
				BB598BF321CF915800D37510 /* Frameworks */,
				BB598BF421CF915800D37510 /* Resources */,
				5571B3C51FC88EB3C8E73059 /* [CP] Embed Pods Frameworks */,
			);
			buildRules = (
			);
			dependencies = (
			);
			name = GenericSearchBar;
			productName = GenericSearchBar;
			productReference = BB598BF621CF915800D37510 /* GenericSearchBar.app */;
			productType = "com.apple.product-type.application";
		};
/* End PBXNativeTarget section */

/* Begin PBXProject section */
		BB598BEE21CF915800D37510 /* Project object */ = {
			isa = PBXProject;
			attributes = {
				LastSwiftUpdateCheck = 1010;
				LastUpgradeCheck = 1010;
				ORGANIZATIONNAME = "Nicolas Mulet";
				TargetAttributes = {
					BB598BF521CF915800D37510 = {
						CreatedOnToolsVersion = 10.1;
					};
				};
			};
			buildConfigurationList = BB598BF121CF915800D37510 /* Build configuration list for PBXProject "GenericSearchBar" */;
			compatibilityVersion = "Xcode 9.3";
			developmentRegion = en;
			hasScannedForEncodings = 0;
			knownRegions = (
				en,
				Base,
			);
			mainGroup = BB598BED21CF915800D37510;
			productRefGroup = BB598BF721CF915800D37510 /* Products */;
			projectDirPath = "";
			projectRoot = "";
			targets = (
				BB598BF521CF915800D37510 /* GenericSearchBar */,
			);
		};
/* End PBXProject section */

/* Begin PBXResourcesBuildPhase section */
		BB598BF421CF915800D37510 /* Resources */ = {
			isa = PBXResourcesBuildPhase;
			buildActionMask = 2147483647;
			files = (
				BB598C0421CF915A00D37510 /* LaunchScreen.storyboard in Resources */,
				BB598C0121CF915A00D37510 /* Assets.xcassets in Resources */,
				BBAD7CB521DA1936006DC82A /* SportCell.xib in Resources */,
				BB598BFF21CF915800D37510 /* Main.storyboard in Resources */,
			);
			runOnlyForDeploymentPostprocessing = 0;
		};
/* End PBXResourcesBuildPhase section */

/* Begin PBXShellScriptBuildPhase section */
		1E4BECDB9D48F2235D5C5A2B /* [CP] Check Pods Manifest.lock */ = {
			isa = PBXShellScriptBuildPhase;
			buildActionMask = 2147483647;
			files = (
			);
			inputPaths = (
				"${PODS_PODFILE_DIR_PATH}/Podfile.lock",
				"${PODS_ROOT}/Manifest.lock",
			);
			name = "[CP] Check Pods Manifest.lock";
			outputPaths = (
				"$(DERIVED_FILE_DIR)/Pods-GenericSearchBar-checkManifestLockResult.txt",
			);
			runOnlyForDeploymentPostprocessing = 0;
			shellPath = /bin/sh;
			shellScript = "diff \"${PODS_PODFILE_DIR_PATH}/Podfile.lock\" \"${PODS_ROOT}/Manifest.lock\" > /dev/null\nif [ $? != 0 ] ; then\n    # print error to STDERR\n    echo \"error: The sandbox is not in sync with the Podfile.lock. Run 'pod install' or update your CocoaPods installation.\" >&2\n    exit 1\nfi\n# This output is used by Xcode 'outputs' to avoid re-running this script phase.\necho \"SUCCESS\" > \"${SCRIPT_OUTPUT_FILE_0}\"\n";
			showEnvVarsInLog = 0;
		};
		5571B3C51FC88EB3C8E73059 /* [CP] Embed Pods Frameworks */ = {
			isa = PBXShellScriptBuildPhase;
			buildActionMask = 2147483647;
			files = (
			);
			inputPaths = (
				"${SRCROOT}/Pods/Target Support Files/Pods-GenericSearchBar/Pods-GenericSearchBar-frameworks.sh",
				"${BUILT_PRODUCTS_DIR}/RxCocoa/RxCocoa.framework",
				"${BUILT_PRODUCTS_DIR}/RxSwift/RxSwift.framework",
			);
			name = "[CP] Embed Pods Frameworks";
			outputPaths = (
				"${TARGET_BUILD_DIR}/${FRAMEWORKS_FOLDER_PATH}/RxCocoa.framework",
				"${TARGET_BUILD_DIR}/${FRAMEWORKS_FOLDER_PATH}/RxSwift.framework",
			);
			runOnlyForDeploymentPostprocessing = 0;
			shellPath = /bin/sh;
			shellScript = "\"${SRCROOT}/Pods/Target Support Files/Pods-GenericSearchBar/Pods-GenericSearchBar-frameworks.sh\"\n";
			showEnvVarsInLog = 0;
		};
/* End PBXShellScriptBuildPhase section */

/* Begin PBXSourcesBuildPhase section */
		BB598BF221CF915800D37510 /* Sources */ = {
			isa = PBXSourcesBuildPhase;
			buildActionMask = 2147483647;
			files = (
				BB7E694521CF928C00B14E8F /* SearchViewModel.swift in Sources */,
				BBAD7CB121DA0D93006DC82A /* Sport.swift in Sources */,
				BBAD7CB321DA12EE006DC82A /* SportCell.swift in Sources */,
				BBAD7CAF21DA0D8B006DC82A /* SportsViewModel.swift in Sources */,
				BBAD7CAD21DA0D81006DC82A /* SportsViewController.swift in Sources */,
				BB7E694721CF954300B14E8F /* SearchViewController.swift in Sources */,
				BB598BFA21CF915800D37510 /* AppDelegate.swift in Sources */,
			);
			runOnlyForDeploymentPostprocessing = 0;
		};
/* End PBXSourcesBuildPhase section */

/* Begin PBXVariantGroup section */
		BB598BFD21CF915800D37510 /* Main.storyboard */ = {
			isa = PBXVariantGroup;
			children = (
				BB598BFE21CF915800D37510 /* Base */,
			);
			name = Main.storyboard;
			sourceTree = "<group>";
		};
		BB598C0221CF915A00D37510 /* LaunchScreen.storyboard */ = {
			isa = PBXVariantGroup;
			children = (
				BB598C0321CF915A00D37510 /* Base */,
			);
			name = LaunchScreen.storyboard;
			sourceTree = "<group>";
		};
/* End PBXVariantGroup section */

/* Begin XCBuildConfiguration section */
		BB598C0621CF915A00D37510 /* Debug */ = {
			isa = XCBuildConfiguration;
			buildSettings = {
				ALWAYS_SEARCH_USER_PATHS = NO;
				CLANG_ANALYZER_NONNULL = YES;
				CLANG_ANALYZER_NUMBER_OBJECT_CONVERSION = YES_AGGRESSIVE;
				CLANG_CXX_LANGUAGE_STANDARD = "gnu++14";
				CLANG_CXX_LIBRARY = "libc++";
				CLANG_ENABLE_MODULES = YES;
				CLANG_ENABLE_OBJC_ARC = YES;
				CLANG_ENABLE_OBJC_WEAK = YES;
				CLANG_WARN_BLOCK_CAPTURE_AUTORELEASING = YES;
				CLANG_WARN_BOOL_CONVERSION = YES;
				CLANG_WARN_COMMA = YES;
				CLANG_WARN_CONSTANT_CONVERSION = YES;
				CLANG_WARN_DEPRECATED_OBJC_IMPLEMENTATIONS = YES;
				CLANG_WARN_DIRECT_OBJC_ISA_USAGE = YES_ERROR;
				CLANG_WARN_DOCUMENTATION_COMMENTS = YES;
				CLANG_WARN_EMPTY_BODY = YES;
				CLANG_WARN_ENUM_CONVERSION = YES;
				CLANG_WARN_INFINITE_RECURSION = YES;
				CLANG_WARN_INT_CONVERSION = YES;
				CLANG_WARN_NON_LITERAL_NULL_CONVERSION = YES;
				CLANG_WARN_OBJC_IMPLICIT_RETAIN_SELF = YES;
				CLANG_WARN_OBJC_LITERAL_CONVERSION = YES;
				CLANG_WARN_OBJC_ROOT_CLASS = YES_ERROR;
				CLANG_WARN_RANGE_LOOP_ANALYSIS = YES;
				CLANG_WARN_STRICT_PROTOTYPES = YES;
				CLANG_WARN_SUSPICIOUS_MOVE = YES;
				CLANG_WARN_UNGUARDED_AVAILABILITY = YES_AGGRESSIVE;
				CLANG_WARN_UNREACHABLE_CODE = YES;
				CLANG_WARN__DUPLICATE_METHOD_MATCH = YES;
				CODE_SIGN_IDENTITY = "iPhone Developer";
				COPY_PHASE_STRIP = NO;
				DEBUG_INFORMATION_FORMAT = dwarf;
				ENABLE_STRICT_OBJC_MSGSEND = YES;
				ENABLE_TESTABILITY = YES;
				GCC_C_LANGUAGE_STANDARD = gnu11;
				GCC_DYNAMIC_NO_PIC = NO;
				GCC_NO_COMMON_BLOCKS = YES;
				GCC_OPTIMIZATION_LEVEL = 0;
				GCC_PREPROCESSOR_DEFINITIONS = (
					"DEBUG=1",
					"$(inherited)",
				);
				GCC_WARN_64_TO_32_BIT_CONVERSION = YES;
				GCC_WARN_ABOUT_RETURN_TYPE = YES_ERROR;
				GCC_WARN_UNDECLARED_SELECTOR = YES;
				GCC_WARN_UNINITIALIZED_AUTOS = YES_AGGRESSIVE;
				GCC_WARN_UNUSED_FUNCTION = YES;
				GCC_WARN_UNUSED_VARIABLE = YES;
				IPHONEOS_DEPLOYMENT_TARGET = 12.1;
				MTL_ENABLE_DEBUG_INFO = INCLUDE_SOURCE;
				MTL_FAST_MATH = YES;
				ONLY_ACTIVE_ARCH = YES;
				SDKROOT = iphoneos;
				SWIFT_ACTIVE_COMPILATION_CONDITIONS = DEBUG;
				SWIFT_OPTIMIZATION_LEVEL = "-Onone";
			};
			name = Debug;
		};
		BB598C0721CF915A00D37510 /* Release */ = {
			isa = XCBuildConfiguration;
			buildSettings = {
				ALWAYS_SEARCH_USER_PATHS = NO;
				CLANG_ANALYZER_NONNULL = YES;
				CLANG_ANALYZER_NUMBER_OBJECT_CONVERSION = YES_AGGRESSIVE;
				CLANG_CXX_LANGUAGE_STANDARD = "gnu++14";
				CLANG_CXX_LIBRARY = "libc++";
				CLANG_ENABLE_MODULES = YES;
				CLANG_ENABLE_OBJC_ARC = YES;
				CLANG_ENABLE_OBJC_WEAK = YES;
				CLANG_WARN_BLOCK_CAPTURE_AUTORELEASING = YES;
				CLANG_WARN_BOOL_CONVERSION = YES;
				CLANG_WARN_COMMA = YES;
				CLANG_WARN_CONSTANT_CONVERSION = YES;
				CLANG_WARN_DEPRECATED_OBJC_IMPLEMENTATIONS = YES;
				CLANG_WARN_DIRECT_OBJC_ISA_USAGE = YES_ERROR;
				CLANG_WARN_DOCUMENTATION_COMMENTS = YES;
				CLANG_WARN_EMPTY_BODY = YES;
				CLANG_WARN_ENUM_CONVERSION = YES;
				CLANG_WARN_INFINITE_RECURSION = YES;
				CLANG_WARN_INT_CONVERSION = YES;
				CLANG_WARN_NON_LITERAL_NULL_CONVERSION = YES;
				CLANG_WARN_OBJC_IMPLICIT_RETAIN_SELF = YES;
				CLANG_WARN_OBJC_LITERAL_CONVERSION = YES;
				CLANG_WARN_OBJC_ROOT_CLASS = YES_ERROR;
				CLANG_WARN_RANGE_LOOP_ANALYSIS = YES;
				CLANG_WARN_STRICT_PROTOTYPES = YES;
				CLANG_WARN_SUSPICIOUS_MOVE = YES;
				CLANG_WARN_UNGUARDED_AVAILABILITY = YES_AGGRESSIVE;
				CLANG_WARN_UNREACHABLE_CODE = YES;
				CLANG_WARN__DUPLICATE_METHOD_MATCH = YES;
				CODE_SIGN_IDENTITY = "iPhone Developer";
				COPY_PHASE_STRIP = NO;
				DEBUG_INFORMATION_FORMAT = "dwarf-with-dsym";
				ENABLE_NS_ASSERTIONS = NO;
				ENABLE_STRICT_OBJC_MSGSEND = YES;
				GCC_C_LANGUAGE_STANDARD = gnu11;
				GCC_NO_COMMON_BLOCKS = YES;
				GCC_WARN_64_TO_32_BIT_CONVERSION = YES;
				GCC_WARN_ABOUT_RETURN_TYPE = YES_ERROR;
				GCC_WARN_UNDECLARED_SELECTOR = YES;
				GCC_WARN_UNINITIALIZED_AUTOS = YES_AGGRESSIVE;
				GCC_WARN_UNUSED_FUNCTION = YES;
				GCC_WARN_UNUSED_VARIABLE = YES;
				IPHONEOS_DEPLOYMENT_TARGET = 12.1;
				MTL_ENABLE_DEBUG_INFO = NO;
				MTL_FAST_MATH = YES;
				SDKROOT = iphoneos;
				SWIFT_COMPILATION_MODE = wholemodule;
				SWIFT_OPTIMIZATION_LEVEL = "-O";
				VALIDATE_PRODUCT = YES;
			};
			name = Release;
		};
		BB598C0921CF915A00D37510 /* Debug */ = {
			isa = XCBuildConfiguration;
			baseConfigurationReference = 4A9388DAF9E121972E24A34A /* Pods-GenericSearchBar.debug.xcconfig */;
			buildSettings = {
				ASSETCATALOG_COMPILER_APPICON_NAME = AppIcon;
				CODE_SIGN_STYLE = Automatic;
				DEVELOPMENT_TEAM = QVJ37G4VEG;
				INFOPLIST_FILE = GenericSearchBar/Info.plist;
				LD_RUNPATH_SEARCH_PATHS = (
					"$(inherited)",
					"@executable_path/Frameworks",
				);
				PRODUCT_BUNDLE_IDENTIFIER = "Nicolas-Mulet.GenericSearchBar";
				PRODUCT_NAME = "$(TARGET_NAME)";
				SWIFT_VERSION = 4.2;
				TARGETED_DEVICE_FAMILY = "1,2";
			};
			name = Debug;
		};
		BB598C0A21CF915A00D37510 /* Release */ = {
			isa = XCBuildConfiguration;
			baseConfigurationReference = 7DBCC1AF9F89E2B2CD0602EB /* Pods-GenericSearchBar.release.xcconfig */;
			buildSettings = {
				ASSETCATALOG_COMPILER_APPICON_NAME = AppIcon;
				CODE_SIGN_STYLE = Automatic;
				DEVELOPMENT_TEAM = QVJ37G4VEG;
				INFOPLIST_FILE = GenericSearchBar/Info.plist;
				LD_RUNPATH_SEARCH_PATHS = (
					"$(inherited)",
					"@executable_path/Frameworks",
				);
				PRODUCT_BUNDLE_IDENTIFIER = "Nicolas-Mulet.GenericSearchBar";
				PRODUCT_NAME = "$(TARGET_NAME)";
				SWIFT_VERSION = 4.2;
				TARGETED_DEVICE_FAMILY = "1,2";
			};
			name = Release;
		};
/* End XCBuildConfiguration section */

/* Begin XCConfigurationList section */
		BB598BF121CF915800D37510 /* Build configuration list for PBXProject "GenericSearchBar" */ = {
			isa = XCConfigurationList;
			buildConfigurations = (
				BB598C0621CF915A00D37510 /* Debug */,
				BB598C0721CF915A00D37510 /* Release */,
			);
			defaultConfigurationIsVisible = 0;
			defaultConfigurationName = Release;
		};
		BB598C0821CF915A00D37510 /* Build configuration list for PBXNativeTarget "GenericSearchBar" */ = {
			isa = XCConfigurationList;
			buildConfigurations = (
				BB598C0921CF915A00D37510 /* Debug */,
				BB598C0A21CF915A00D37510 /* Release */,
			);
			defaultConfigurationIsVisible = 0;
			defaultConfigurationName = Release;
		};
/* End XCConfigurationList section */
	};
	rootObject = BB598BEE21CF915800D37510 /* Project object */;
}
